
Microsoft Visual Studio Solution File, Format Version 12.00
# Visual Studio Version 17
VisualStudioVersion = 17.8.34322.80
MinimumVisualStudioVersion = 10.0.40219.1
Project("{FAE04EC0-301F-11D3-BF4B-00C04F79EFBC}") = "AppTech", "AppTech.csproj", "{B3279AB9-8B29-4A81-9A63-948BE7663E35}"
EndProject
Global
	GlobalSection(SolutionConfigurationPlatforms) = preSolution
		Debug|Any CPU = Debug|Any CPU
		Release|Any CPU = Release|Any CPU
	EndGlobalSection
	GlobalSection(ProjectConfigurationPlatforms) = postSolution
		{B3279AB9-8B29-4A81-9A63-948BE7663E35}.Debug|Any CPU.ActiveCfg = Debug|Any CPU
		{B3279AB9-8B29-4A81-9A63-948BE7663E35}.Debug|Any CPU.Build.0 = Debug|Any CPU
		{B3279AB9-8B29-4A81-9A63-948BE7663E35}.Release|Any CPU.ActiveCfg = Release|Any CPU
		{B3279AB9-8B29-4A81-9A63-948BE7663E35}.Release|Any CPU.Build.0 = Release|Any CPU
	EndGlobalSection
	GlobalSection(SolutionProperties) = preSolution
		HideSolutionNode = FALSE
	EndGlobalSection
	GlobalSection(ExtensibilityGlobals) = postSolution
		SolutionGuid = {51FC056E-6653-4ABB-9F34-9727CD21D0FA}
	EndGlobalSection
EndGlobal
